
Microsoft Visual Studio Solution File, Format Version 11.00
# Visual Studio 2010
Project("{FAE04EC0-301F-11D3-BF4B-00C04F79EFBC}") = "BagOfKeyPoses", "BagOfKeyPoses\BagOfKeyPoses.csproj", "{24CDD5CE-48FC-40D5-A909-658721A11708}"
EndProject
Project("{FAE04EC0-301F-11D3-BF4B-00C04F79EFBC}") = "Util", "Util\Util.csproj", "{3ACCD24A-1291-4C81-A658-7EC38C777B3D}"
EndProject
Project("{FAE04EC0-301F-11D3-BF4B-00C04F79EFBC}") = "SampleUsage", "SampleUsage\SampleUsage.csproj", "{29029084-1252-4AA8-B302-A31410B56532}"
EndProject
Global
	GlobalSection(SubversionScc) = preSolution
		Svn-Managed = True
		Manager = AnkhSVN - Subversion Support for Visual Studio
	EndGlobalSection
	GlobalSection(SolutionConfigurationPlatforms) = preSolution
		Debug|Any CPU = Debug|Any CPU
		Debug|Mixed Platforms = Debug|Mixed Platforms
		Debug|x86 = Debug|x86
		Release|Any CPU = Release|Any CPU
		Release|Mixed Platforms = Release|Mixed Platforms
		Release|x86 = Release|x86
	EndGlobalSection
	GlobalSection(ProjectConfigurationPlatforms) = postSolution
		{24CDD5CE-48FC-40D5-A909-658721A11708}.Debug|Any CPU.ActiveCfg = Debug|Any CPU
		{24CDD5CE-48FC-40D5-A909-658721A11708}.Debug|Any CPU.Build.0 = Debug|Any CPU
		{24CDD5CE-48FC-40D5-A909-658721A11708}.Debug|Mixed Platforms.ActiveCfg = Debug|Any CPU
		{24CDD5CE-48FC-40D5-A909-658721A11708}.Debug|Mixed Platforms.Build.0 = Debug|Any CPU
		{24CDD5CE-48FC-40D5-A909-658721A11708}.Debug|x86.ActiveCfg = Debug|Any CPU
		{24CDD5CE-48FC-40D5-A909-658721A11708}.Release|Any CPU.ActiveCfg = Release|Any CPU
		{24CDD5CE-48FC-40D5-A909-658721A11708}.Release|Any CPU.Build.0 = Release|Any CPU
		{24CDD5CE-48FC-40D5-A909-658721A11708}.Release|Mixed Platforms.ActiveCfg = Release|Any CPU
		{24CDD5CE-48FC-40D5-A909-658721A11708}.Release|Mixed Platforms.Build.0 = Release|Any CPU
		{24CDD5CE-48FC-40D5-A909-658721A11708}.Release|x86.ActiveCfg = Release|Any CPU
		{3ACCD24A-1291-4C81-A658-7EC38C777B3D}.Debug|Any CPU.ActiveCfg = Debug|Any CPU
		{3ACCD24A-1291-4C81-A658-7EC38C777B3D}.Debug|Any CPU.Build.0 = Debug|Any CPU
		{3ACCD24A-1291-4C81-A658-7EC38C777B3D}.Debug|Mixed Platforms.ActiveCfg = Debug|Any CPU
		{3ACCD24A-1291-4C81-A658-7EC38C777B3D}.Debug|Mixed Platforms.Build.0 = Debug|Any CPU
		{3ACCD24A-1291-4C81-A658-7EC38C777B3D}.Debug|x86.ActiveCfg = Debug|Any CPU
		{3ACCD24A-1291-4C81-A658-7EC38C777B3D}.Release|Any CPU.ActiveCfg = Release|Any CPU
		{3ACCD24A-1291-4C81-A658-7EC38C777B3D}.Release|Any CPU.Build.0 = Release|Any CPU
		{3ACCD24A-1291-4C81-A658-7EC38C777B3D}.Release|Mixed Platforms.ActiveCfg = Release|Any CPU
		{3ACCD24A-1291-4C81-A658-7EC38C777B3D}.Release|Mixed Platforms.Build.0 = Release|Any CPU
		{3ACCD24A-1291-4C81-A658-7EC38C777B3D}.Release|x86.ActiveCfg = Release|Any CPU
		{29029084-1252-4AA8-B302-A31410B56532}.Debug|Any CPU.ActiveCfg = Debug|x86
		{29029084-1252-4AA8-B302-A31410B56532}.Debug|Mixed Platforms.ActiveCfg = Debug|x86
		{29029084-1252-4AA8-B302-A31410B56532}.Debug|Mixed Platforms.Build.0 = Debug|x86
		{29029084-1252-4AA8-B302-A31410B56532}.Debug|x86.ActiveCfg = Debug|x86
		{29029084-1252-4AA8-B302-A31410B56532}.Debug|x86.Build.0 = Debug|x86
		{29029084-1252-4AA8-B302-A31410B56532}.Release|Any CPU.ActiveCfg = Release|x86
		{29029084-1252-4AA8-B302-A31410B56532}.Release|Mixed Platforms.ActiveCfg = Release|x86
		{29029084-1252-4AA8-B302-A31410B56532}.Release|Mixed Platforms.Build.0 = Release|x86
		{29029084-1252-4AA8-B302-A31410B56532}.Release|x86.ActiveCfg = Release|x86
		{29029084-1252-4AA8-B302-A31410B56532}.Release|x86.Build.0 = Release|x86
	EndGlobalSection
	GlobalSection(SolutionProperties) = preSolution
		HideSolutionNode = FALSE
	EndGlobalSection
EndGlobal
